{
    "_readme": [
        "This file locks the dependencies of your project to a known state",
        "Read more about it at https://getcomposer.org/doc/01-basic-usage.md#composer-lock-the-lock-file",
        "This file is @generated automatically"
    ],
    "content-hash": "08bba5a4bc76d5bdc4a6666f7b0e9b62",
    "packages": [
        {
            "name": "codeigniter/framework",
            "version": "dev-3.1-stable",
            "source": {
                "type": "git",
                "url": "https://github.com/bcit-ci/CodeIgniter.git",
                "reference": "422b8890e8b41a9ecf6644bff169c8c82fa2c82d"
            },
            "dist": {
                "type": "zip",
                "url": "https://api.github.com/repos/bcit-ci/CodeIgniter/zipball/422b8890e8b41a9ecf6644bff169c8c82fa2c82d",
                "reference": "422b8890e8b41a9ecf6644bff169c8c82fa2c82d",
                "shasum": ""
            },
            "require": {
                "php": ">=5.2.4"
            },
            "require-dev": {
                "mikey179/vfsstream": "1.1.*",
                "phpunit/phpunit": "4.* || 5.*"
            },
            "suggest": {
                "paragonie/random_compat": "Provides better randomness in PHP 5.x"
            },
            "type": "project",
            "notification-url": "https://packagist.org/downloads/",
            "license": [
                "MIT"
            ],
            "description": "The CodeIgniter framework",
            "homepage": "https://codeigniter.com",
            "time": "2017-02-01 12:36:49"
        },
        {
            "name": "lexpress/doctrine1",
            "version": "v1.3.4",
            "source": {
                "type": "git",
                "url": "https://github.com/LExpress/doctrine1.git",
                "reference": "0564971b2badd778914ac0fcb74518a00d6918f1"
            },
            "dist": {
                "type": "zip",
                "url": "https://api.github.com/repos/LExpress/doctrine1/zipball/0564971b2badd778914ac0fcb74518a00d6918f1",
                "reference": "0564971b2badd778914ac0fcb74518a00d6918f1",
                "shasum": ""
            },
            "require": {
                "ext-pdo": "*",
                "php": ">=5.2.3"
            },
            "type": "library",
            "autoload": {
                "psr-0": {
                    "Doctrine_": "lib/"
                }
            },
            "notification-url": "https://packagist.org/downloads/",
            "license": [
                "LGPL"
            ],
            "authors": [
                {
                    "name": "Konsta Vesterinen",
                    "email": "kvesteri@cc.hut.fi"
                },
                {
                    "name": "Jonathan Wage",
                    "email": "jonwage@gmail.com"
                }
            ],
            "description": "PHP5 Database ORM",
            "homepage": "http://www.doctrine-project.org",
            "keywords": [
                "database",
                "orm"
            ],
            "time": "2016-06-17T09:49:47+00:00"
        }
    ],
    "packages-dev": [],
    "aliases": [],
    "minimum-stability": "stable",
    "stability-flags": {
        "codeigniter/framework": 20
    },
    "prefer-stable": false,
    "prefer-lowest": false,
    "platform": {
        "php": ">=5.3.2"
    },
    "platform-dev": []
}
